
Microsoft Visual Studio Solution File, Format Version 12.00
# Visual Studio 15
VisualStudioVersion = 15.0.28307.168
MinimumVisualStudioVersion = 10.0.40219.1
Project("{9A19103F-16F7-4668-BE54-9A1E7A4F7556}") = "Autodesk.Aps", "Autodesk.Aps\Autodesk.Aps.csproj", "{CE863AD3-000C-4CF7-BED1-0A7E019CF530}"
EndProject
Global
	GlobalSection(SolutionConfigurationPlatforms) = preSolution
		Debug|Any CPU = Debug|Any CPU
		Release|Any CPU = Release|Any CPU
	EndGlobalSection
	GlobalSection(ProjectConfigurationPlatforms) = postSolution
		{CE863AD3-000C-4CF7-BED1-0A7E019CF530}.Debug|Any CPU.ActiveCfg = Debug|Any CPU
		{CE863AD3-000C-4CF7-BED1-0A7E019CF530}.Debug|Any CPU.Build.0 = Debug|Any CPU
		{CE863AD3-000C-4CF7-BED1-0A7E019CF530}.Release|Any CPU.ActiveCfg = Release|Any CPU
		{CE863AD3-000C-4CF7-BED1-0A7E019CF530}.Release|Any CPU.Build.0 = Release|Any CPU
	EndGlobalSection
	GlobalSection(SolutionProperties) = preSolution
		HideSolutionNode = FALSE
	EndGlobalSection
	GlobalSection(ExtensibilityGlobals) = postSolution
		SolutionGuid = {01D39168-394F-4D6D-BBC5-E878B1B996FF}
	EndGlobalSection
EndGlobal
